// !$*UTF8*$!
{
	archiveVersion = 1;
	classes = {
	};
	objectVersion = 46;
	objects = {

/* Begin PBXBuildFile section */
		8703CE80ABF4D08C7613830A /* libPods-ChallengeView.a in Frameworks */ = {isa = PBXBuildFile; fileRef = 052811A27AA83CB2AE908404 /* libPods-ChallengeView.a */; };
		C55D12661C49D8AE00FEF6C6 /* main.m in Sources */ = {isa = PBXBuildFile; fileRef = C55D12651C49D8AE00FEF6C6 /* main.m */; };
		C55D12691C49D8AE00FEF6C6 /* AppDelegate.m in Sources */ = {isa = PBXBuildFile; fileRef = C55D12681C49D8AE00FEF6C6 /* AppDelegate.m */; };
		C55D12721C49D8AE00FEF6C6 /* Main.storyboard in Resources */ = {isa = PBXBuildFile; fileRef = C55D12701C49D8AE00FEF6C6 /* Main.storyboard */; };
		C55D12741C49D8AE00FEF6C6 /* Assets.xcassets in Resources */ = {isa = PBXBuildFile; fileRef = C55D12731C49D8AE00FEF6C6 /* Assets.xcassets */; };
		C55D12771C49D8AE00FEF6C6 /* LaunchScreen.storyboard in Resources */ = {isa = PBXBuildFile; fileRef = C55D12751C49D8AE00FEF6C6 /* LaunchScreen.storyboard */; };
		C55D12801C49D8CB00FEF6C6 /* HealthKit.framework in Frameworks */ = {isa = PBXBuildFile; fileRef = C55D127F1C49D8CB00FEF6C6 /* HealthKit.framework */; };
		C5B915F71C4D716B00F21FD6 /* SavedChallengesViewController.m in Sources */ = {isa = PBXBuildFile; fileRef = C5B915F61C4D716B00F21FD6 /* SavedChallengesViewController.m */; };
		C5B915FA1C4D718000F21FD6 /* ActiveChallengesViewController.m in Sources */ = {isa = PBXBuildFile; fileRef = C5B915F91C4D718000F21FD6 /* ActiveChallengesViewController.m */; };
		C5B916001C4D720E00F21FD6 /* CompletedChallengesViewController.m in Sources */ = {isa = PBXBuildFile; fileRef = C5B915FF1C4D720E00F21FD6 /* CompletedChallengesViewController.m */; };
		C5B916031C4D889500F21FD6 /* SessionsConfiguration.m in Sources */ = {isa = PBXBuildFile; fileRef = C5B916021C4D889500F21FD6 /* SessionsConfiguration.m */; };
		C5B916051C4D893800F21FD6 /* Debug.plist in Resources */ = {isa = PBXBuildFile; fileRef = C5B916041C4D893800F21FD6 /* Debug.plist */; };
		C5B916071C4D895200F21FD6 /* Release.plist in Resources */ = {isa = PBXBuildFile; fileRef = C5B916061C4D895200F21FD6 /* Release.plist */; };
		C5B9160A1C4D9EBE00F21FD6 /* AllChallengesViewController.m in Sources */ = {isa = PBXBuildFile; fileRef = C5B916091C4D9EBE00F21FD6 /* AllChallengesViewController.m */; };
		C5B9160D1C4DF0E700F21FD6 /* SavedChallengeTableViewController.m in Sources */ = {isa = PBXBuildFile; fileRef = C5B9160C1C4DF0E700F21FD6 /* SavedChallengeTableViewController.m */; };
		C5B916101C4EC84F00F21FD6 /* ProfileViewController.m in Sources */ = {isa = PBXBuildFile; fileRef = C5B9160F1C4EC84F00F21FD6 /* ProfileViewController.m */; };
/* End PBXBuildFile section */

/* Begin PBXFileReference section */
		052811A27AA83CB2AE908404 /* libPods-ChallengeView.a */ = {isa = PBXFileReference; explicitFileType = archive.ar; includeInIndex = 0; path = "libPods-ChallengeView.a"; sourceTree = BUILT_PRODUCTS_DIR; };
		0C05E55276426F488878375E /* Pods-ChallengeView.debug.xcconfig */ = {isa = PBXFileReference; includeInIndex = 1; lastKnownFileType = text.xcconfig; name = "Pods-ChallengeView.debug.xcconfig"; path = "Pods/Target Support Files/Pods-ChallengeView/Pods-ChallengeView.debug.xcconfig"; sourceTree = "<group>"; };
		B87663A448A904295E7F3C4E /* Pods-ChallengeView.release.xcconfig */ = {isa = PBXFileReference; includeInIndex = 1; lastKnownFileType = text.xcconfig; name = "Pods-ChallengeView.release.xcconfig"; path = "Pods/Target Support Files/Pods-ChallengeView/Pods-ChallengeView.release.xcconfig"; sourceTree = "<group>"; };
		C55D12611C49D8AE00FEF6C6 /* ChallengeView.app */ = {isa = PBXFileReference; explicitFileType = wrapper.application; includeInIndex = 0; path = ChallengeView.app; sourceTree = BUILT_PRODUCTS_DIR; };
		C55D12651C49D8AE00FEF6C6 /* main.m */ = {isa = PBXFileReference; lastKnownFileType = sourcecode.c.objc; path = main.m; sourceTree = "<group>"; };
		C55D12671C49D8AE00FEF6C6 /* AppDelegate.h */ = {isa = PBXFileReference; lastKnownFileType = sourcecode.c.h; path = AppDelegate.h; sourceTree = "<group>"; };
		C55D12681C49D8AE00FEF6C6 /* AppDelegate.m */ = {isa = PBXFileReference; lastKnownFileType = sourcecode.c.objc; path = AppDelegate.m; sourceTree = "<group>"; };
		C55D12711C49D8AE00FEF6C6 /* Base */ = {isa = PBXFileReference; lastKnownFileType = file.storyboard; name = Base; path = Base.lproj/Main.storyboard; sourceTree = "<group>"; };
		C55D12731C49D8AE00FEF6C6 /* Assets.xcassets */ = {isa = PBXFileReference; lastKnownFileType = folder.assetcatalog; path = Assets.xcassets; sourceTree = "<group>"; };
		C55D12761C49D8AE00FEF6C6 /* Base */ = {isa = PBXFileReference; lastKnownFileType = file.storyboard; name = Base; path = Base.lproj/LaunchScreen.storyboard; sourceTree = "<group>"; };
		C55D12781C49D8AE00FEF6C6 /* Info.plist */ = {isa = PBXFileReference; lastKnownFileType = text.plist.xml; path = Info.plist; sourceTree = "<group>"; };
		C55D127E1C49D8CB00FEF6C6 /* ChallengeView.entitlements */ = {isa = PBXFileReference; lastKnownFileType = text.xml; path = ChallengeView.entitlements; sourceTree = "<group>"; };
		C55D127F1C49D8CB00FEF6C6 /* HealthKit.framework */ = {isa = PBXFileReference; lastKnownFileType = wrapper.framework; name = HealthKit.framework; path = System/Library/Frameworks/HealthKit.framework; sourceTree = SDKROOT; };
		C5B915F51C4D716B00F21FD6 /* SavedChallengesViewController.h */ = {isa = PBXFileReference; fileEncoding = 4; lastKnownFileType = sourcecode.c.h; path = SavedChallengesViewController.h; sourceTree = "<group>"; };
		C5B915F61C4D716B00F21FD6 /* SavedChallengesViewController.m */ = {isa = PBXFileReference; fileEncoding = 4; lastKnownFileType = sourcecode.c.objc; path = SavedChallengesViewController.m; sourceTree = "<group>"; };
		C5B915F81C4D718000F21FD6 /* ActiveChallengesViewController.h */ = {isa = PBXFileReference; fileEncoding = 4; lastKnownFileType = sourcecode.c.h; path = ActiveChallengesViewController.h; sourceTree = "<group>"; };
		C5B915F91C4D718000F21FD6 /* ActiveChallengesViewController.m */ = {isa = PBXFileReference; fileEncoding = 4; lastKnownFileType = sourcecode.c.objc; path = ActiveChallengesViewController.m; sourceTree = "<group>"; };
		C5B915FE1C4D720E00F21FD6 /* CompletedChallengesViewController.h */ = {isa = PBXFileReference; fileEncoding = 4; lastKnownFileType = sourcecode.c.h; path = CompletedChallengesViewController.h; sourceTree = "<group>"; };
		C5B915FF1C4D720E00F21FD6 /* CompletedChallengesViewController.m */ = {isa = PBXFileReference; fileEncoding = 4; lastKnownFileType = sourcecode.c.objc; path = CompletedChallengesViewController.m; sourceTree = "<group>"; };
		C5B916011C4D883800F21FD6 /* SessionsConfiguration.h */ = {isa = PBXFileReference; fileEncoding = 4; lastKnownFileType = sourcecode.c.h; path = SessionsConfiguration.h; sourceTree = "<group>"; };
		C5B916021C4D889500F21FD6 /* SessionsConfiguration.m */ = {isa = PBXFileReference; fileEncoding = 4; lastKnownFileType = sourcecode.c.objc; path = SessionsConfiguration.m; sourceTree = "<group>"; };
		C5B916041C4D893800F21FD6 /* Debug.plist */ = {isa = PBXFileReference; fileEncoding = 4; lastKnownFileType = text.plist.xml; path = Debug.plist; sourceTree = "<group>"; };
		C5B916061C4D895200F21FD6 /* Release.plist */ = {isa = PBXFileReference; fileEncoding = 4; lastKnownFileType = text.plist.xml; path = Release.plist; sourceTree = "<group>"; };
		C5B916081C4D9EBE00F21FD6 /* AllChallengesViewController.h */ = {isa = PBXFileReference; fileEncoding = 4; lastKnownFileType = sourcecode.c.h; path = AllChallengesViewController.h; sourceTree = "<group>"; };
		C5B916091C4D9EBE00F21FD6 /* AllChallengesViewController.m */ = {isa = PBXFileReference; fileEncoding = 4; lastKnownFileType = sourcecode.c.objc; path = AllChallengesViewController.m; sourceTree = "<group>"; };
		C5B9160B1C4DF0E700F21FD6 /* SavedChallengeTableViewController.h */ = {isa = PBXFileReference; fileEncoding = 4; lastKnownFileType = sourcecode.c.h; path = SavedChallengeTableViewController.h; sourceTree = "<group>"; };
		C5B9160C1C4DF0E700F21FD6 /* SavedChallengeTableViewController.m */ = {isa = PBXFileReference; fileEncoding = 4; lastKnownFileType = sourcecode.c.objc; path = SavedChallengeTableViewController.m; sourceTree = "<group>"; };
		C5B9160E1C4EC84F00F21FD6 /* ProfileViewController.h */ = {isa = PBXFileReference; fileEncoding = 4; lastKnownFileType = sourcecode.c.h; path = ProfileViewController.h; sourceTree = "<group>"; };
		C5B9160F1C4EC84F00F21FD6 /* ProfileViewController.m */ = {isa = PBXFileReference; fileEncoding = 4; lastKnownFileType = sourcecode.c.objc; path = ProfileViewController.m; sourceTree = "<group>"; };
/* End PBXFileReference section */

/* Begin PBXFrameworksBuildPhase section */
		C55D125E1C49D8AE00FEF6C6 /* Frameworks */ = {
			isa = PBXFrameworksBuildPhase;
			buildActionMask = 2147483647;
			files = (
				C55D12801C49D8CB00FEF6C6 /* HealthKit.framework in Frameworks */,
				8703CE80ABF4D08C7613830A /* libPods-ChallengeView.a in Frameworks */,
			);
			runOnlyForDeploymentPostprocessing = 0;
		};
/* End PBXFrameworksBuildPhase section */

/* Begin PBXGroup section */
		0624CF3292D1E417758077B8 /* Pods */ = {
			isa = PBXGroup;
			children = (
				0C05E55276426F488878375E /* Pods-ChallengeView.debug.xcconfig */,
				B87663A448A904295E7F3C4E /* Pods-ChallengeView.release.xcconfig */,
			);
			name = Pods;
			sourceTree = "<group>";
		};
		57FC78E0465D1D5EECEDED61 /* Frameworks */ = {
			isa = PBXGroup;
			children = (
				052811A27AA83CB2AE908404 /* libPods-ChallengeView.a */,
			);
			name = Frameworks;
			sourceTree = "<group>";
		};
		C55D12581C49D8AE00FEF6C6 = {
			isa = PBXGroup;
			children = (
				C55D127F1C49D8CB00FEF6C6 /* HealthKit.framework */,
				C55D12631C49D8AE00FEF6C6 /* ChallengeView */,
				C55D12621C49D8AE00FEF6C6 /* Products */,
				0624CF3292D1E417758077B8 /* Pods */,
				57FC78E0465D1D5EECEDED61 /* Frameworks */,
			);
			sourceTree = "<group>";
		};
		C55D12621C49D8AE00FEF6C6 /* Products */ = {
			isa = PBXGroup;
			children = (
				C55D12611C49D8AE00FEF6C6 /* ChallengeView.app */,
			);
			name = Products;
			sourceTree = "<group>";
		};
		C55D12631C49D8AE00FEF6C6 /* ChallengeView */ = {
			isa = PBXGroup;
			children = (
				C55D127E1C49D8CB00FEF6C6 /* ChallengeView.entitlements */,
				C55D12671C49D8AE00FEF6C6 /* AppDelegate.h */,
				C55D12681C49D8AE00FEF6C6 /* AppDelegate.m */,
				C55D12701C49D8AE00FEF6C6 /* Main.storyboard */,
				C55D12731C49D8AE00FEF6C6 /* Assets.xcassets */,
				C55D12751C49D8AE00FEF6C6 /* LaunchScreen.storyboard */,
				C55D12781C49D8AE00FEF6C6 /* Info.plist */,
				C55D12641C49D8AE00FEF6C6 /* Supporting Files */,
				C5B915F51C4D716B00F21FD6 /* SavedChallengesViewController.h */,
				C5B915F61C4D716B00F21FD6 /* SavedChallengesViewController.m */,
				C5B915F81C4D718000F21FD6 /* ActiveChallengesViewController.h */,
				C5B915F91C4D718000F21FD6 /* ActiveChallengesViewController.m */,
				C5B915FE1C4D720E00F21FD6 /* CompletedChallengesViewController.h */,
				C5B915FF1C4D720E00F21FD6 /* CompletedChallengesViewController.m */,
				C5B916011C4D883800F21FD6 /* SessionsConfiguration.h */,
				C5B916021C4D889500F21FD6 /* SessionsConfiguration.m */,
				C5B916041C4D893800F21FD6 /* Debug.plist */,
				C5B916061C4D895200F21FD6 /* Release.plist */,
				C5B916081C4D9EBE00F21FD6 /* AllChallengesViewController.h */,
				C5B916091C4D9EBE00F21FD6 /* AllChallengesViewController.m */,
				C5B9160B1C4DF0E700F21FD6 /* SavedChallengeTableViewController.h */,
				C5B9160C1C4DF0E700F21FD6 /* SavedChallengeTableViewController.m */,
				C5B9160E1C4EC84F00F21FD6 /* ProfileViewController.h */,
				C5B9160F1C4EC84F00F21FD6 /* ProfileViewController.m */,
			);
			path = ChallengeView;
			sourceTree = "<group>";
		};
		C55D12641C49D8AE00FEF6C6 /* Supporting Files */ = {
			isa = PBXGroup;
			children = (
				C55D12651C49D8AE00FEF6C6 /* main.m */,
			);
			name = "Supporting Files";
			sourceTree = "<group>";
		};
/* End PBXGroup section */

/* Begin PBXNativeTarget section */
		C55D12601C49D8AE00FEF6C6 /* ChallengeView */ = {
			isa = PBXNativeTarget;
			buildConfigurationList = C55D127B1C49D8AE00FEF6C6 /* Build configuration list for PBXNativeTarget "ChallengeView" */;
			buildPhases = (
				25C7045A1460ABBDFFD1E7BC /* Check Pods Manifest.lock */,
				C55D125D1C49D8AE00FEF6C6 /* Sources */,
				C55D125E1C49D8AE00FEF6C6 /* Frameworks */,
				C55D125F1C49D8AE00FEF6C6 /* Resources */,
				5CD61AAADF4B6B901C8EF40C /* Embed Pods Frameworks */,
				5D79516D58051A5BDF400695 /* Copy Pods Resources */,
			);
			buildRules = (
			);
			dependencies = (
			);
			name = ChallengeView;
			productName = ChallengeView;
			productReference = C55D12611C49D8AE00FEF6C6 /* ChallengeView.app */;
			productType = "com.apple.product-type.application";
		};
/* End PBXNativeTarget section */

/* Begin PBXProject section */
		C55D12591C49D8AE00FEF6C6 /* Project object */ = {
			isa = PBXProject;
			attributes = {
				LastUpgradeCheck = 0720;
				ORGANIZATIONNAME = "Sessions-io";
				TargetAttributes = {
					C55D12601C49D8AE00FEF6C6 = {
						CreatedOnToolsVersion = 7.2;
						DevelopmentTeam = 96SJK7YQJ2;
						SystemCapabilities = {
							com.apple.BackgroundModes = {
								enabled = 1;
							};
							com.apple.HealthKit = {
								enabled = 1;
							};
							com.apple.Push = {
								enabled = 1;
							};
							com.apple.SafariKeychain = {
								enabled = 0;
							};
						};
					};
				};
			};
			buildConfigurationList = C55D125C1C49D8AE00FEF6C6 /* Build configuration list for PBXProject "ChallengeView" */;
			compatibilityVersion = "Xcode 3.2";
			developmentRegion = English;
			hasScannedForEncodings = 0;
			knownRegions = (
				en,
				Base,
			);
			mainGroup = C55D12581C49D8AE00FEF6C6;
			productRefGroup = C55D12621C49D8AE00FEF6C6 /* Products */;
			projectDirPath = "";
			projectRoot = "";
			targets = (
				C55D12601C49D8AE00FEF6C6 /* ChallengeView */,
			);
		};
/* End PBXProject section */

/* Begin PBXResourcesBuildPhase section */
		C55D125F1C49D8AE00FEF6C6 /* Resources */ = {
			isa = PBXResourcesBuildPhase;
			buildActionMask = 2147483647;
			files = (
				C5B916051C4D893800F21FD6 /* Debug.plist in Resources */,
				C5B916071C4D895200F21FD6 /* Release.plist in Resources */,
				C55D12771C49D8AE00FEF6C6 /* LaunchScreen.storyboard in Resources */,
				C55D12741C49D8AE00FEF6C6 /* Assets.xcassets in Resources */,
				C55D12721C49D8AE00FEF6C6 /* Main.storyboard in Resources */,
			);
			runOnlyForDeploymentPostprocessing = 0;
		};
/* End PBXResourcesBuildPhase section */

/* Begin PBXShellScriptBuildPhase section */
		25C7045A1460ABBDFFD1E7BC /* Check Pods Manifest.lock */ = {
			isa = PBXShellScriptBuildPhase;
			buildActionMask = 2147483647;
			files = (
			);
			inputPaths = (
			);
			name = "Check Pods Manifest.lock";
			outputPaths = (
			);
			runOnlyForDeploymentPostprocessing = 0;
			shellPath = /bin/sh;
			shellScript = "diff \"${PODS_ROOT}/../Podfile.lock\" \"${PODS_ROOT}/Manifest.lock\" > /dev/null\nif [[ $? != 0 ]] ; then\n    cat << EOM\nerror: The sandbox is not in sync with the Podfile.lock. Run 'pod install' or update your CocoaPods installation.\nEOM\n    exit 1\nfi\n";
			showEnvVarsInLog = 0;
		};
		5CD61AAADF4B6B901C8EF40C /* Embed Pods Frameworks */ = {
			isa = PBXShellScriptBuildPhase;
			buildActionMask = 2147483647;
			files = (
			);
			inputPaths = (
			);
			name = "Embed Pods Frameworks";
			outputPaths = (
			);
			runOnlyForDeploymentPostprocessing = 0;
			shellPath = /bin/sh;
			shellScript = "\"${SRCROOT}/Pods/Target Support Files/Pods-ChallengeView/Pods-ChallengeView-frameworks.sh\"\n";
			showEnvVarsInLog = 0;
		};
		5D79516D58051A5BDF400695 /* Copy Pods Resources */ = {
			isa = PBXShellScriptBuildPhase;
			buildActionMask = 2147483647;
			files = (
			);
			inputPaths = (
			);
			name = "Copy Pods Resources";
			outputPaths = (
			);
			runOnlyForDeploymentPostprocessing = 0;
			shellPath = /bin/sh;
			shellScript = "\"${SRCROOT}/Pods/Target Support Files/Pods-ChallengeView/Pods-ChallengeView-resources.sh\"\n";
			showEnvVarsInLog = 0;
		};
/* End PBXShellScriptBuildPhase section */

/* Begin PBXSourcesBuildPhase section */
		C55D125D1C49D8AE00FEF6C6 /* Sources */ = {
			isa = PBXSourcesBuildPhase;
			buildActionMask = 2147483647;
			files = (
				C5B915FA1C4D718000F21FD6 /* ActiveChallengesViewController.m in Sources */,
				C5B916101C4EC84F00F21FD6 /* ProfileViewController.m in Sources */,
				C5B915F71C4D716B00F21FD6 /* SavedChallengesViewController.m in Sources */,
				C5B916001C4D720E00F21FD6 /* CompletedChallengesViewController.m in Sources */,
				C5B9160D1C4DF0E700F21FD6 /* SavedChallengeTableViewController.m in Sources */,
				C55D12691C49D8AE00FEF6C6 /* AppDelegate.m in Sources */,
				C55D12661C49D8AE00FEF6C6 /* main.m in Sources */,
				C5B916031C4D889500F21FD6 /* SessionsConfiguration.m in Sources */,
				C5B9160A1C4D9EBE00F21FD6 /* AllChallengesViewController.m in Sources */,
			);
			runOnlyForDeploymentPostprocessing = 0;
		};
/* End PBXSourcesBuildPhase section */

/* Begin PBXVariantGroup section */
		C55D12701C49D8AE00FEF6C6 /* Main.storyboard */ = {
			isa = PBXVariantGroup;
			children = (
				C55D12711C49D8AE00FEF6C6 /* Base */,
			);
			name = Main.storyboard;
			sourceTree = "<group>";
		};
		C55D12751C49D8AE00FEF6C6 /* LaunchScreen.storyboard */ = {
			isa = PBXVariantGroup;
			children = (
				C55D12761C49D8AE00FEF6C6 /* Base */,
			);
			name = LaunchScreen.storyboard;
			sourceTree = "<group>";
		};
/* End PBXVariantGroup section */

/* Begin XCBuildConfiguration section */
		C55D12791C49D8AE00FEF6C6 /* Debug */ = {
			isa = XCBuildConfiguration;
			buildSettings = {
				ALWAYS_SEARCH_USER_PATHS = NO;
				CLANG_CXX_LANGUAGE_STANDARD = "gnu++0x";
				CLANG_CXX_LIBRARY = "libc++";
				CLANG_ENABLE_MODULES = YES;
				CLANG_ENABLE_OBJC_ARC = YES;
				CLANG_WARN_BOOL_CONVERSION = YES;
				CLANG_WARN_CONSTANT_CONVERSION = YES;
				CLANG_WARN_DIRECT_OBJC_ISA_USAGE = YES_ERROR;
				CLANG_WARN_EMPTY_BODY = YES;
				CLANG_WARN_ENUM_CONVERSION = YES;
				CLANG_WARN_INT_CONVERSION = YES;
				CLANG_WARN_OBJC_ROOT_CLASS = YES_ERROR;
				CLANG_WARN_UNREACHABLE_CODE = YES;
				CLANG_WARN__DUPLICATE_METHOD_MATCH = YES;
				"CODE_SIGN_IDENTITY[sdk=iphoneos*]" = "iPhone Developer";
				COPY_PHASE_STRIP = NO;
				DEBUG_INFORMATION_FORMAT = dwarf;
				ENABLE_STRICT_OBJC_MSGSEND = YES;
				ENABLE_TESTABILITY = YES;
				GCC_C_LANGUAGE_STANDARD = gnu99;
				GCC_DYNAMIC_NO_PIC = NO;
				GCC_NO_COMMON_BLOCKS = YES;
				GCC_OPTIMIZATION_LEVEL = 0;
				GCC_PREPROCESSOR_DEFINITIONS = (
					"DEBUG=1",
					"$(inherited)",
				);
				GCC_WARN_64_TO_32_BIT_CONVERSION = YES;
				GCC_WARN_ABOUT_RETURN_TYPE = YES_ERROR;
				GCC_WARN_UNDECLARED_SELECTOR = YES;
				GCC_WARN_UNINITIALIZED_AUTOS = YES_AGGRESSIVE;
				GCC_WARN_UNUSED_FUNCTION = YES;
				GCC_WARN_UNUSED_VARIABLE = YES;
				IPHONEOS_DEPLOYMENT_TARGET = 9.2;
				MTL_ENABLE_DEBUG_INFO = YES;
				ONLY_ACTIVE_ARCH = YES;
				SDKROOT = iphoneos;
				TARGETED_DEVICE_FAMILY = "1,2";
			};
			name = Debug;
		};
		C55D127A1C49D8AE00FEF6C6 /* Release */ = {
			isa = XCBuildConfiguration;
			buildSettings = {
				ALWAYS_SEARCH_USER_PATHS = NO;
				CLANG_CXX_LANGUAGE_STANDARD = "gnu++0x";
				CLANG_CXX_LIBRARY = "libc++";
				CLANG_ENABLE_MODULES = YES;
				CLANG_ENABLE_OBJC_ARC = YES;
				CLANG_WARN_BOOL_CONVERSION = YES;
				CLANG_WARN_CONSTANT_CONVERSION = YES;
				CLANG_WARN_DIRECT_OBJC_ISA_USAGE = YES_ERROR;
				CLANG_WARN_EMPTY_BODY = YES;
				CLANG_WARN_ENUM_CONVERSION = YES;
				CLANG_WARN_INT_CONVERSION = YES;
				CLANG_WARN_OBJC_ROOT_CLASS = YES_ERROR;
				CLANG_WARN_UNREACHABLE_CODE = YES;
				CLANG_WARN__DUPLICATE_METHOD_MATCH = YES;
				"CODE_SIGN_IDENTITY[sdk=iphoneos*]" = "iPhone Developer";
				COPY_PHASE_STRIP = NO;
				DEBUG_INFORMATION_FORMAT = "dwarf-with-dsym";
				ENABLE_NS_ASSERTIONS = NO;
				ENABLE_STRICT_OBJC_MSGSEND = YES;
				GCC_C_LANGUAGE_STANDARD = gnu99;
				GCC_NO_COMMON_BLOCKS = YES;
				GCC_WARN_64_TO_32_BIT_CONVERSION = YES;
				GCC_WARN_ABOUT_RETURN_TYPE = YES_ERROR;
				GCC_WARN_UNDECLARED_SELECTOR = YES;
				GCC_WARN_UNINITIALIZED_AUTOS = YES_AGGRESSIVE;
				GCC_WARN_UNUSED_FUNCTION = YES;
				GCC_WARN_UNUSED_VARIABLE = YES;
				IPHONEOS_DEPLOYMENT_TARGET = 9.2;
				MTL_ENABLE_DEBUG_INFO = NO;
				SDKROOT = iphoneos;
				TARGETED_DEVICE_FAMILY = "1,2";
				VALIDATE_PRODUCT = YES;
			};
			name = Release;
		};
		C55D127C1C49D8AE00FEF6C6 /* Debug */ = {
			isa = XCBuildConfiguration;
			baseConfigurationReference = 0C05E55276426F488878375E /* Pods-ChallengeView.debug.xcconfig */;
			buildSettings = {
				ASSETCATALOG_COMPILER_APPICON_NAME = AppIcon;
				CODE_SIGN_ENTITLEMENTS = ChallengeView/ChallengeView.entitlements;
				INFOPLIST_FILE = ChallengeView/Info.plist;
				IPHONEOS_DEPLOYMENT_TARGET = 8.0;
				LD_RUNPATH_SEARCH_PATHS = "$(inherited) @executable_path/Frameworks";
				PRODUCT_BUNDLE_IDENTIFIER = com.substrait.ChallengeView;
				PRODUCT_NAME = "$(TARGET_NAME)";
			};
			name = Debug;
		};
		C55D127D1C49D8AE00FEF6C6 /* Release */ = {
			isa = XCBuildConfiguration;
			baseConfigurationReference = B87663A448A904295E7F3C4E /* Pods-ChallengeView.release.xcconfig */;
			buildSettings = {
				ASSETCATALOG_COMPILER_APPICON_NAME = AppIcon;
				CODE_SIGN_ENTITLEMENTS = ChallengeView/ChallengeView.entitlements;
				INFOPLIST_FILE = ChallengeView/Info.plist;
				IPHONEOS_DEPLOYMENT_TARGET = 8.0;
				LD_RUNPATH_SEARCH_PATHS = "$(inherited) @executable_path/Frameworks";
				PRODUCT_BUNDLE_IDENTIFIER = com.substrait.ChallengeView;
				PRODUCT_NAME = "$(TARGET_NAME)";
			};
			name = Release;
		};
/* End XCBuildConfiguration section */

/* Begin XCConfigurationList section */
		C55D125C1C49D8AE00FEF6C6 /* Build configuration list for PBXProject "ChallengeView" */ = {
			isa = XCConfigurationList;
			buildConfigurations = (
				C55D12791C49D8AE00FEF6C6 /* Debug */,
				C55D127A1C49D8AE00FEF6C6 /* Release */,
			);
			defaultConfigurationIsVisible = 0;
			defaultConfigurationName = Release;
		};
		C55D127B1C49D8AE00FEF6C6 /* Build configuration list for PBXNativeTarget "ChallengeView" */ = {
			isa = XCConfigurationList;
			buildConfigurations = (
				C55D127C1C49D8AE00FEF6C6 /* Debug */,
				C55D127D1C49D8AE00FEF6C6 /* Release */,
			);
			defaultConfigurationIsVisible = 0;
			defaultConfigurationName = Release;
		};
/* End XCConfigurationList section */
	};
	rootObject = C55D12591C49D8AE00FEF6C6 /* Project object */;
}
